# This file is automatically @generated by Cargo.
# It is not intended for manual editing.
version = 3

[[package]]
name = "client"
version = "0.1.0"

[[package]]
name = "common"
version = "0.1.0"

[[package]]
name = "prover"
version = "0.1.0"

[[package]]
name = "smart-contract"
version = "0.1.0"

[[package]]
name = "state-database"
version = "0.1.0"

[[package]]
name = "witness-database"
version = "0.1.0"
